version = 1
revision = 3
requires-python = ">=3.12"

[[package]]
name = "gmpy2"
version = "2.2.2"
source = { registry = "https://pypi.org/simple" }
sdist = { url = "https://files.pythonhosted.org/packages/fa/58/aff69026cd43a284b979d6be8104a82bd2378ca8f1aaa036508dbee7f1d9/gmpy2-2.2.2.tar.gz", hash = "sha256:d9b8c81e0f5e1a3cabf1ea8d154b29b5ef6e33b8f4e4c37b3da957b2dd6a3fa8", size = 267106, upload-time = "2025-11-27T04:16:29.767Z" }
wheels = [
    { url = "https://files.pythonhosted.org/packages/fd/c4/5635f6a457ce1fead8c2d97153c70d02e4bb5ec23542b13ce033cfda0272/gmpy2-2.2.2-cp312-cp312-macosx_10_13_x86_64.whl", hash = "sha256:940b01b702e937005a43b85c58c3ee1f19360a258e86049246aeffc06f83df1d", size = 854759, upload-time = "2025-11-27T04:15:19.898Z" },
    { url = "https://files.pythonhosted.org/packages/56/7b/76e7c51417e0a763653b93edf9c842fe8ed37813ba72e18da3031fb553e5/gmpy2-2.2.2-cp312-cp312-macosx_11_0_arm64.whl", hash = "sha256:c925a33c4809fc345cd0858a64f28fd522b99d0a2044d02338b925dd6210bd24", size = 705272, upload-time = "2025-11-27T04:15:21.287Z" },
    { url = "https://files.pythonhosted.org/packages/9b/7b/2d76efb8c6e53807cbcc226eda5b63a5dfd59ef86af69a80f5fefee20cae/gmpy2-2.2.2-cp312-cp312-manylinux2010_i686.manylinux_2_12_i686.manylinux_2_28_i686.whl", hash = "sha256:54018d604b2a71f4d75af74eaf1731cf6a88272e6b3938160708c899dd10d43e", size = 1669293, upload-time = "2025-11-27T04:15:22.683Z" },
    { url = "https://files.pythonhosted.org/packages/ce/d9/3a138fe8e91d7529dd7843854a28d6d2041b43f69c182e6ff85559f5cedc/gmpy2-2.2.2-cp312-cp312-manylinux2014_aarch64.manylinux_2_17_aarch64.manylinux_2_28_aarch64.whl", hash = "sha256:9b288cd520d498736afc4589391b14402190ea3764ffa0cbaff14397bf31ba91", size = 1610500, upload-time = "2025-11-27T04:15:24.585Z" },
    { url = "https://files.pythonhosted.org/packages/d7/f5/95abcc23bc82d69fbda7a6846e25851e2be3ddbc14399ad7823127d9b9d0/gmpy2-2.2.2-cp312-cp312-manylinux2014_x86_64.manylinux_2_17_x86_64.manylinux_2_28_x86_64.whl", hash = "sha256:3cb1c389fed4e572255ecc2f8053de7e0f05d7d270e953258d44667f136d454e", size = 1716186, upload-time = "2025-11-27T04:15:25.835Z" },
    { url = "https://files.pythonhosted.org/packages/e5/df/f4d3222a8201cecbed5f86d71590d38e962d1a8444e3d13b5405bee54ce1/gmpy2-2.2.2-cp312-cp312-musllinux_1_2_aarch64.whl", hash = "sha256:16890ab2154137afc77b11a1fc20c11d244b6cd5e45531800b8ad53ba30177c1", size = 1629449, upload-time = "2025-11-27T04:15:27.108Z" },
    { url = "https://files.pythonhosted.org/packages/6c/23/8848dbd4c2b461385550cdfd1fb4a803aa673ad4d88ff3e311e5d519c426/gmpy2-2.2.2-cp312-cp312-musllinux_1_2_i686.whl", hash = "sha256:97f736fc5c535e3ed70900fbeb81b3ed6fb07a5e4152f793d9bb37c6b4fc96dd", size = 1650607, upload-time = "2025-11-27T04:15:28.368Z" },
    { url = "https://files.pythonhosted.org/packages/4b/07/e2a350540a52913ffb06b39cec08282e17b755a9b51aaf0775052e34a852/gmpy2-2.2.2-cp312-cp312-musllinux_1_2_x86_64.whl", hash = "sha256:e9abdfeb3b8ce855670c9f6991c0cb7b9c657e05b15d095a339fc8f22f89541e", size = 1673657, upload-time = "2025-11-27T04:15:29.705Z" },
    { url = "https://files.pythonhosted.org/packages/d5/cd/f4a251bffbc9950b0c391177482218b12d814ff6a9d2de4fd23975e40746/gmpy2-2.2.2-cp312-cp312-win_amd64.whl", hash = "sha256:d7add6c8dc8e709b630aed74a7efe005fe520e92745345cd39128397536e4370", size = 1229261, upload-time = "2025-11-27T04:15:31.151Z" },
    { url = "https://files.pythonhosted.org/packages/b8/b7/25c5ff8595ecf95b186eb7d8ad0883f333109038a72c0956cc7ecf1aa68b/gmpy2-2.2.2-cp312-cp312-win_arm64.whl", hash = "sha256:62531a097b7ccb63b8684e749269bf0209911c0e32544aa0e160c553b3bfe36f", size = 846341, upload-time = "2025-11-27T04:15:32.473Z" },
    { url = "https://files.pythonhosted.org/packages/1f/44/3951ffb2201b191ba60912d8f4ccfc3e05641a223d179692c5bb85b5a60c/gmpy2-2.2.2-cp313-cp313-macosx_10_13_x86_64.whl", hash = "sha256:035b109a4c089df51a20599e3b402c5f1ed2e50c2752b05c08e51e44d22ee0cb", size = 854648, upload-time = "2025-11-27T04:15:33.748Z" },
    { url = "https://files.pythonhosted.org/packages/21/9e/4eb4748f9012666a7ce34b256e417c637ec5ca91bfc9d7374b6bb117ff74/gmpy2-2.2.2-cp313-cp313-macosx_11_0_arm64.whl", hash = "sha256:0cc59f9c85b05d685ef5704830afddb01dff9e14eab36367ed3cebf2756d28e8", size = 705253, upload-time = "2025-11-27T04:15:35.036Z" },
    { url = "https://files.pythonhosted.org/packages/bc/e7/a73d0d5dc68be674ad345df900885f58c9f3d3fad877fc65ed502b734700/gmpy2-2.2.2-cp313-cp313-manylinux2010_i686.manylinux_2_12_i686.manylinux_2_28_i686.whl", hash = "sha256:4fd4727d30f31b76c36b147039739613284fdf24179e49bd12c9431686f0cf86", size = 1669658, upload-time = "2025-11-27T04:15:36.325Z" },
    { url = "https://files.pythonhosted.org/packages/3c/9c/35b74b67e6e129b388711d275f8240c88ae7138ffb89fd8a9d7d78e94054/gmpy2-2.2.2-cp313-cp313-manylinux2014_aarch64.manylinux_2_17_aarch64.manylinux_2_28_aarch64.whl", hash = "sha256:bfa4284201ad2506e656757859a9aa810fbd46280ba2aae3503171b410214811", size = 1609714, upload-time = "2025-11-27T04:15:37.69Z" },
    { url = "https://files.pythonhosted.org/packages/c8/7e/a3153d6d398cc0a3e37a3c5f07751a423eced1cf9fcde405b26f80eaa82d/gmpy2-2.2.2-cp313-cp313-manylinux2014_x86_64.manylinux_2_17_x86_64.manylinux_2_28_x86_64.whl", hash = "sha256:9cae6d3a9caa665f24c036caf6c10a236b346407e086847d1fe3ae895314722f", size = 1716495, upload-time = "2025-11-27T04:15:39.139Z" },
    { url = "https://files.pythonhosted.org/packages/25/5b/625d154ba5a04c84611794f0510f65f03c5a1bd98706ff638d589dc65543/gmpy2-2.2.2-cp313-cp313-musllinux_1_2_aarch64.whl", hash = "sha256:e83de6112d0a1946cb31e3f81341641923fc674f0c9180454867efd548f02f7d", size = 1629799, upload-time = "2025-11-27T04:15:40.565Z" },
    { url = "https://files.pythonhosted.org/packages/61/2a/04c2a74d3bb8b54b7994380cdd135efb9703d0984026384191acbf4c7c16/gmpy2-2.2.2-cp313-cp313-musllinux_1_2_i686.whl", hash = "sha256:c8ef17b45bed953eae16e14924ac6cc6f964bd276d0767b96421e8caa719defb", size = 1650765, upload-time = "2025-11-27T04:15:41.909Z" },
    { url = "https://files.pythonhosted.org/packages/4e/f8/34490efd06ff5f6e01b2f5e148c1d23d88c7a07970d49e68bb7a5c51cd6f/gmpy2-2.2.2-cp313-cp313-musllinux_1_2_x86_64.whl", hash = "sha256:bd29f18140a90427755fe81741f649c0dd550dbaed024315b261de1da381e529", size = 1673702, upload-time = "2025-11-27T04:15:43.452Z" },
    { url = "https://files.pythonhosted.org/packages/df/f5/3838ef10d885b748e948c64485fff7ef44a2b4b8861991242e3f6eef063a/gmpy2-2.2.2-cp313-cp313-win_amd64.whl", hash = "sha256:b6a75444bfb6fb9b848491cc281876027ff92802ab7ad85970870db812d01b8e", size = 1229219, upload-time = "2025-11-27T04:15:44.743Z" },
    { url = "https://files.pythonhosted.org/packages/90/23/9654209608e4a708a977157a78bb04e3a00463a2726cb335ba9c477ed604/gmpy2-2.2.2-cp313-cp313-win_arm64.whl", hash = "sha256:df57fd4857d1d5c59b53a9a1d50ea1743e3edc3fd5d97127800910e53d22ec74", size = 846284, upload-time = "2025-11-27T04:15:46.044Z" },
    { url = "https://files.pythonhosted.org/packages/55/f3/f982181a53c5204d5f2a20acb9613945e40f02fa8504b44f3c75e314f417/gmpy2-2.2.2-cp314-cp314-macosx_10_15_x86_64.whl", hash = "sha256:f3e38ad88ef9c2ff2cedb7e85b7101aece94fb072cdbea3786b5a7bf96053b27", size = 854831, upload-time = "2025-11-27T04:15:47.37Z" },
    { url = "https://files.pythonhosted.org/packages/98/b8/79d3f391cea6c6a9c0c8cbd1f8be56b7e30b648f6c3cf94608a8e4e05de8/gmpy2-2.2.2-cp314-cp314-macosx_11_0_arm64.whl", hash = "sha256:86b10b1719ff18fc24e86bdfa5a12883a3f48ebcab0e5b80c008bb6694c66927", size = 705719, upload-time = "2025-11-27T04:15:48.622Z" },
    { url = "https://files.pythonhosted.org/packages/e7/0f/b2e050a412e80eb2835783c0c8a5a6464d7d59a605158b4188a367d3335d/gmpy2-2.2.2-cp314-cp314-manylinux2010_i686.manylinux_2_12_i686.manylinux_2_28_i686.whl", hash = "sha256:fc0143efb6c1563ff36e5c00d4b2076088263031336d2293a4c6fddcb3dc12d9", size = 1667596, upload-time = "2025-11-27T04:15:49.907Z" },
    { url = "https://files.pythonhosted.org/packages/37/2f/a1900c4fcdf51aef152696b3f911004b50fd3de8c696ca85f1189fa5c798/gmpy2-2.2.2-cp314-cp314-manylinux2014_aarch64.manylinux_2_17_aarch64.manylinux_2_28_aarch64.whl", hash = "sha256:ab1c1708d38795cdc98cfa11872a5fea877a31da3fc59932eec625e165e7b873", size = 1609582, upload-time = "2025-11-27T04:15:51.58Z" },
    { url = "https://files.pythonhosted.org/packages/92/96/a81dcdae7d7577ed8046f3bd7d6b1b80913bd3def84f5b4f10e5f69abe8b/gmpy2-2.2.2-cp314-cp314-manylinux2014_x86_64.manylinux_2_17_x86_64.manylinux_2_28_x86_64.whl", hash = "sha256:0fd36e802254ad94e24418312a7d071052dce03cf1c89ca0b337f516a8fbe7d1", size = 1713148, upload-time = "2025-11-27T04:15:53.251Z" },
    { url = "https://files.pythonhosted.org/packages/f1/76/4c46483819a2af883ffea3d233f7b74791510b0e1318e892234bdf040f7d/gmpy2-2.2.2-cp314-cp314-musllinux_1_2_aarch64.whl", hash = "sha256:dcd862b7ac1ad1247b030e6a55a71f4346953e2c5c12dbf852051cdec1c30e6a", size = 1629622, upload-time = "2025-11-27T04:15:54.548Z" },
    { url = "https://files.pythonhosted.org/packages/ba/f5/f733e7cf2188422a19e9b1ea0d42c8d90d60abeff236ec188dfbbc26b0ba/gmpy2-2.2.2-cp314-cp314-musllinux_1_2_i686.whl", hash = "sha256:68efb4ca78ce5e737ac0924e3870c31745b1378ddfddb67ef180771a627847ff", size = 1650000, upload-time = "2025-11-27T04:15:56.135Z" },
    { url = "https://files.pythonhosted.org/packages/54/ef/8a826c8a18360965b94e1ebb4985c674bb55541e06ea73d895e1875f7078/gmpy2-2.2.2-cp314-cp314-musllinux_1_2_x86_64.whl", hash = "sha256:4cf9ee5bb0f0980c7e572b7f51b40e8ca215e956b534d795ac0e7861cfdeaee0", size = 1671152, upload-time = "2025-11-27T04:15:57.488Z" },
    { url = "https://files.pythonhosted.org/packages/63/8a/df2ff280be6a4be0593bb0b36be51a6ca5c5901352562c29a2b51a48c4cd/gmpy2-2.2.2-cp314-cp314-win_amd64.whl", hash = "sha256:61a53a4485f438b1d6d97149c14114b08e56bb4b6e9acb049dbf1a538ce05c91", size = 1256014, upload-time = "2025-11-27T04:15:58.88Z" },
    { url = "https://files.pythonhosted.org/packages/65/b7/8c5007180dce911b509587339f0b44b4f8dc1e1904440c02a652abab6a23/gmpy2-2.2.2-cp314-cp314-win_arm64.whl", hash = "sha256:0ef9501b8d6168d5bd4e951adaa2cf1902cf94aa93fe6e4d7e85a59288fcd6ef", size = 870558, upload-time = "2025-11-27T04:16:00.514Z" },
]

[[package]]
name = "pollardstrassen"
version = "0.1.0"
source = { virtual = "." }
dependencies = [
    { name = "gmpy2" },
    { name = "python-flint" },
]

[package.metadata]
requires-dist = [
    { name = "gmpy2", specifier = ">=2.2.2" },
    { name = "python-flint", specifier = ">=0.8.0" },
]

[[package]]
name = "python-flint"
version = "0.8.0"
source = { registry = "https://pypi.org/simple" }
sdist = { url = "https://files.pythonhosted.org/packages/21/fa/2ec5a03719fa9214ba139296ec1c5f663bb0f90c5e582fbda8ba751e7212/python_flint-0.8.0.tar.gz", hash = "sha256:3da125cd780e09510b0fb5f455646013f2b49072ea43eea806f6af77b450fa39", size = 408552, upload-time = "2025-08-29T16:41:01.319Z" }
wheels = [
    { url = "https://files.pythonhosted.org/packages/1d/90/f6b55ff96a61227b71cd3f16eb3070b56d0bdd7a585c7611dd7bd3ad80d8/python_flint-0.8.0-cp312-cp312-macosx_10_13_x86_64.whl", hash = "sha256:3e637105ea2be78c22c6d7b3766fc481c1fd83b6387d40c77667e9f3d7232fdc", size = 8639878, upload-time = "2025-08-29T16:39:45.781Z" },
    { url = "https://files.pythonhosted.org/packages/7a/59/8008087112a9dcbdb0ae21543c97d8f50be8a5763799fa50e3f0efad121f/python_flint-0.8.0-cp312-cp312-macosx_11_0_arm64.whl", hash = "sha256:884a75da741e4ebbfdf5c638629d9e8a34f5bbbbb315b815b08a7d664f7720b2", size = 7439966, upload-time = "2025-08-29T16:39:48.363Z" },
    { url = "https://files.pythonhosted.org/packages/51/8c/dd74f15b76e1e58ab70231f6853f9527027412d4e133c637c5f5a99e0f6c/python_flint-0.8.0-cp312-cp312-manylinux2014_aarch64.manylinux_2_17_aarch64.manylinux_2_28_aarch64.whl", hash = "sha256:e211b11e0434d9d91e0b93326e7f677751248ef5540bff68785d9690724fc546", size = 9599649, upload-time = "2025-08-29T16:39:50.356Z" },
    { url = "https://files.pythonhosted.org/packages/6d/33/787db4e05bbda59a5850d9d7ef9a4ba61c82cde3830ab78d067c3088012b/python_flint-0.8.0-cp312-cp312-manylinux2014_x86_64.manylinux_2_17_x86_64.whl", hash = "sha256:af60dbed2b0e3bedef2875ff3a2b32afec12f7152595d65fcd674713ac09a208", size = 9616611, upload-time = "2025-08-29T16:39:52.866Z" },
    { url = "https://files.pythonhosted.org/packages/25/60/a0973510633a9b16d6110c75372bad4aae702a00071fc40aafeca2586d3c/python_flint-0.8.0-cp312-cp312-win_amd64.whl", hash = "sha256:4fd8958674a9b09c35d2470c9e88ccdd4a63cb351b8595f6aa46639458f57623", size = 10333208, upload-time = "2025-08-29T16:39:55.515Z" },
    { url = "https://files.pythonhosted.org/packages/81/70/d6e6c79a4b310ad2f37d4b9b13ed248370671f8c40340094f652d2fa5e0a/python_flint-0.8.0-cp313-cp313-macosx_10_13_x86_64.whl", hash = "sha256:0c1957c2ac79d365a37c23d2b3ce105b0c15e9adbfc0c20f731380c34d0b80fc", size = 8610448, upload-time = "2025-08-29T16:39:58.064Z" },
    { url = "https://files.pythonhosted.org/packages/78/bc/b50ef9332e46eeff516e2a170949a197a19341e1f8bc40462f416992caec/python_flint-0.8.0-cp313-cp313-macosx_11_0_arm64.whl", hash = "sha256:1609340b41ffa5dc06afa7dc137be857792d9c4b359e2108339a45bfcc896550", size = 7410741, upload-time = "2025-08-29T16:40:00.261Z" },
    { url = "https://files.pythonhosted.org/packages/05/12/f2c10e4dcfccd74d20b1f6983b3d28e84388207db9ddb1b7833ca4377461/python_flint-0.8.0-cp313-cp313-manylinux2014_aarch64.manylinux_2_17_aarch64.manylinux_2_28_aarch64.whl", hash = "sha256:8d145b6088ac79e356359a6b295dcc86c09e4236c2c133142413cff5d6d5ab68", size = 9587655, upload-time = "2025-08-29T16:40:02.458Z" },
    { url = "https://files.pythonhosted.org/packages/9f/82/85fe62cc7d22bb2050c4ae2d73efab8cad1376426e6638abc43acc88667d/python_flint-0.8.0-cp313-cp313-manylinux2014_x86_64.manylinux_2_17_x86_64.whl", hash = "sha256:d2d9a7bf6e7523a7f529feae74ae8c8eefe5ccde8fa49a74a593bba9b049748e", size = 9606946, upload-time = "2025-08-29T16:40:05.218Z" },
    { url = "https://files.pythonhosted.org/packages/e1/6c/0557545ef27255abd424dee5398daef07ec84f796fa7a41edf7f336f07e9/python_flint-0.8.0-cp313-cp313-win_amd64.whl", hash = "sha256:1d68b3c9d71192aa18a92f1a4cc08913cffa805245ee44fafa0b20b769138518", size = 10325742, upload-time = "2025-08-29T16:40:08.133Z" },
    { url = "https://files.pythonhosted.org/packages/5a/b6/e5c5ed2953594c0b77f7347cd07c8b92f3d8efd7fd339fbb95fa426ce1f5/python_flint-0.8.0-cp313-cp313t-macosx_10_13_x86_64.whl", hash = "sha256:3830438faf6ab04d44094327820205f61af12dedc58bafee91f25f011a64c164", size = 8791404, upload-time = "2025-08-29T16:40:10.89Z" },
    { url = "https://files.pythonhosted.org/packages/81/ea/586c22adfcd0796430ce4f5aca9cae1f8fd7c33665a69ca1c5384e999193/python_flint-0.8.0-cp313-cp313t-macosx_11_0_arm64.whl", hash = "sha256:7275c029f188668b24c2ff604d3bf6e29c59273da648f3a79c625c22bcb21910", size = 7661454, upload-time = "2025-08-29T16:40:13.728Z" },
    { url = "https://files.pythonhosted.org/packages/70/75/dc6d711a0a0f3c77fcb7b384e58e6c7d92a1ab3c16d0a7a69cc803206e06/python_flint-0.8.0-cp313-cp313t-manylinux2014_aarch64.manylinux_2_17_aarch64.manylinux_2_28_aarch64.whl", hash = "sha256:a820438d373de1b2b451c71820d35871610785bd9cfcbb843578fda9b1e522c1", size = 9675395, upload-time = "2025-08-29T16:40:16.833Z" },
    { url = "https://files.pythonhosted.org/packages/4a/62/89a4b128d7b5525aa6be84cd4581327e61eb6e4334820ce75ab51a09edfd/python_flint-0.8.0-cp313-cp313t-manylinux2014_x86_64.manylinux_2_17_x86_64.whl", hash = "sha256:ffea7c53f814864dd0d0286d897d72b67adfe0796e39ff8812f306704030bb1d", size = 9663912, upload-time = "2025-08-29T16:40:19.285Z" },
    { url = "https://files.pythonhosted.org/packages/2e/6b/3ba93cbec54bccc623cb57e3aa1e779c3b78001cdb7c742540f7f035dff6/python_flint-0.8.0-cp313-cp313t-win_amd64.whl", hash = "sha256:e50bf6733ccf09e08da5bfafdaaa81a2d5511083838f39b88f3cc00c2dae6653", size = 10373694, upload-time = "2025-08-29T16:40:21.777Z" },
    { url = "https://files.pythonhosted.org/packages/ca/50/94d10a2d350f44af12dff1e9f79331df258bb92055b5e376d3ccafefd3a0/python_flint-0.8.0-cp314-cp314-macosx_10_13_x86_64.whl", hash = "sha256:a9431244f08004b70f5663ebf6bfc6ee9cde15d2f0871036d98e20e4d8c7cf9d", size = 8612876, upload-time = "2025-08-29T16:40:24.57Z" },
    { url = "https://files.pythonhosted.org/packages/d9/81/d038156d940af5675ef76cd22a1d7fd866f6c8359b52e627dad11a81a564/python_flint-0.8.0-cp314-cp314-macosx_11_0_arm64.whl", hash = "sha256:c65247c1b96547049ca131c0254e1d7a330fc3f083b37e63e1085b091a93f507", size = 7426751, upload-time = "2025-08-29T16:40:26.91Z" },
    { url = "https://files.pythonhosted.org/packages/e4/d0/6a531a031d97d019ee8dc3dc1ce41b4de3ae66decf7479ef507d722bb2d0/python_flint-0.8.0-cp314-cp314-manylinux2014_aarch64.manylinux_2_17_aarch64.manylinux_2_28_aarch64.whl", hash = "sha256:cc1054b7b68a1e19aa8f080e1b6b6d657c13ef98d89306f5fc008579efe6a791", size = 9633427, upload-time = "2025-08-29T16:40:28.907Z" },
    { url = "https://files.pythonhosted.org/packages/de/21/0f27529815ffffd43035d1f944012eaae33f1ed60b56057046ae5c7514f3/python_flint-0.8.0-cp314-cp314-manylinux2014_x86_64.manylinux_2_17_x86_64.whl", hash = "sha256:51501a44b18ed96a9faa5c13c85a568a747de427a5e447e1391f02ab2699871f", size = 9610634, upload-time = "2025-08-29T16:40:31.861Z" },
    { url = "https://files.pythonhosted.org/packages/0c/88/da3a6cb961a48cf9662c28cee1dab7a9725b2a773b4edf6dbb67545f73b4/python_flint-0.8.0-cp314-cp314-win_amd64.whl", hash = "sha256:87d1493dc592b67451ffad48a2cbc85f3cdf3ddcd8ba2abf447c21ee5ef74030", size = 10596027, upload-time = "2025-08-29T16:40:34.296Z" },
    { url = "https://files.pythonhosted.org/packages/0e/b1/156a9b100417b86bf3f577063042346bed9b9a7003492f5971cda25e73f6/python_flint-0.8.0-cp314-cp314t-macosx_10_13_x86_64.whl", hash = "sha256:126b211e10f3ed756ee14e9251905680242687ba71fb6e0f59d0662e050bcfb5", size = 8791686, upload-time = "2025-08-29T16:40:36.775Z" },
    { url = "https://files.pythonhosted.org/packages/b7/3d/640ca9734e06d320e0e960bc7d6c4154c1e86ea6d0037d05821d8f1717af/python_flint-0.8.0-cp314-cp314t-macosx_11_0_arm64.whl", hash = "sha256:38583e5ceb1e7b93ba557835055542f7e6a1d3d412bcc285d0f2bb44b076c419", size = 7661222, upload-time = "2025-08-29T16:40:39.18Z" },
    { url = "https://files.pythonhosted.org/packages/dd/75/8bd586c1d96dca81b7ce6f3ade4dd02ca2c1c8a8e46a2d6db6fcbb966089/python_flint-0.8.0-cp314-cp314t-manylinux2014_aarch64.manylinux_2_17_aarch64.manylinux_2_28_aarch64.whl", hash = "sha256:c4dc97924e3e5bb0cc43b2723db39379c1b215502661dcc693f5e26d43d767fc", size = 9676629, upload-time = "2025-08-29T16:40:41.543Z" },
    { url = "https://files.pythonhosted.org/packages/9a/38/e1d7bbd89854207191d291ba250d9dab5082b37e088b13f65a50be98dcdc/python_flint-0.8.0-cp314-cp314t-manylinux2014_x86_64.manylinux_2_17_x86_64.whl", hash = "sha256:c7a242d7f51c1a28968a0721be59edacd7a8859396b4f639da6b054a8eb3e578", size = 9666716, upload-time = "2025-08-29T16:40:44.045Z" },
    { url = "https://files.pythonhosted.org/packages/49/36/f5217bcf7fe765c459149a1eaf770ddba72d2853c0f3c07d2865029aec48/python_flint-0.8.0-cp314-cp314t-win_amd64.whl", hash = "sha256:cfd82f1f33b10a80e4613668b1e3cbd8f6b3830aa4057ef4c1f26065d3edbee7", size = 10633994, upload-time = "2025-08-29T16:40:46.432Z" },
]
